<Solution>
  <Configurations>
    <Platform Name="Any CPU" />
    <Platform Name="iPhone" />
    <Platform Name="iPhoneSimulator" />
  </Configurations>
  <Folder Name="/Solution Items/">
    <File Path="global.json" />
  </Folder>
  <Project Path="TestVirtualization.MauiApp/TestVirtualization.MauiApp.csproj">
    <Deploy />
  </Project>
</Solution>
