
Microsoft Visual Studio Solution File, Format Version 12.00
# Visual Studio Version 17
VisualStudioVersion = 17.14.36127.28 d17.14
MinimumVisualStudioVersion = 10.0.40219.1
Project("{FAE04EC0-301F-11D3-BF4B-00C04F79EFBC}") = "MauiAppPopup2TabbedPage", "MauiAppPopup2TabbedPage\MauiAppPopup2TabbedPage.csproj", "{BA53256E-1694-426E-B6AA-6CF3DE8CD60F}"
EndProject
Global
	GlobalSection(SolutionConfigurationPlatforms) = preSolution
		Debug|Any CPU = Debug|Any CPU
		Release|Any CPU = Release|Any CPU
	EndGlobalSection
	GlobalSection(ProjectConfigurationPlatforms) = postSolution
		{BA53256E-1694-426E-B6AA-6CF3DE8CD60F}.Debug|Any CPU.ActiveCfg = Debug|Any CPU
		{BA53256E-1694-426E-B6AA-6CF3DE8CD60F}.Debug|Any CPU.Build.0 = Debug|Any CPU
		{BA53256E-1694-426E-B6AA-6CF3DE8CD60F}.Release|Any CPU.ActiveCfg = Release|Any CPU
		{BA53256E-1694-426E-B6AA-6CF3DE8CD60F}.Release|Any CPU.Build.0 = Release|Any CPU
	EndGlobalSection
	GlobalSection(SolutionProperties) = preSolution
		HideSolutionNode = FALSE
	EndGlobalSection
	GlobalSection(ExtensibilityGlobals) = postSolution
		SolutionGuid = {B43A3B5E-F45F-4EA0-A4BB-109EA99D244D}
	EndGlobalSection
EndGlobal
