
Microsoft Visual Studio Solution File, Format Version 12.00
# Visual Studio Version 17
VisualStudioVersion = 17.7.34031.279
MinimumVisualStudioVersion = 10.0.40219.1
Project("{FAE04EC0-301F-11D3-BF4B-00C04F79EFBC}") = "MauiAppFlurlHttpTrimmerIssue", "MauiAppFlurlHttpTrimmerIssue\MauiAppFlurlHttpTrimmerIssue.csproj", "{04114160-007B-464A-9563-C1DE74642390}"
EndProject
Global
	GlobalSection(SolutionConfigurationPlatforms) = preSolution
		Debug|Any CPU = Debug|Any CPU
		Release|Any CPU = Release|Any CPU
	EndGlobalSection
	GlobalSection(ProjectConfigurationPlatforms) = postSolution
		{04114160-007B-464A-9563-C1DE74642390}.Debug|Any CPU.ActiveCfg = Debug|Any CPU
		{04114160-007B-464A-9563-C1DE74642390}.Debug|Any CPU.Build.0 = Debug|Any CPU
		{04114160-007B-464A-9563-C1DE74642390}.Debug|Any CPU.Deploy.0 = Debug|Any CPU
		{04114160-007B-464A-9563-C1DE74642390}.Release|Any CPU.ActiveCfg = Release|Any CPU
		{04114160-007B-464A-9563-C1DE74642390}.Release|Any CPU.Build.0 = Release|Any CPU
		{04114160-007B-464A-9563-C1DE74642390}.Release|Any CPU.Deploy.0 = Release|Any CPU
	EndGlobalSection
	GlobalSection(SolutionProperties) = preSolution
		HideSolutionNode = FALSE
	EndGlobalSection
	GlobalSection(ExtensibilityGlobals) = postSolution
		SolutionGuid = {3AA50C8B-E72D-48DB-8FCD-9396A92AF93A}
	EndGlobalSection
EndGlobal
