
Microsoft Visual Studio Solution File, Format Version 12.00
# Visual Studio Version 17
VisualStudioVersion = 17.9.34701.34
MinimumVisualStudioVersion = 10.0.40219.1
Project("{FAE04EC0-301F-11D3-BF4B-00C04F79EFBC}") = "MauiAppCollectionViewReorder", "MauiAppCollectionViewReorder\MauiAppCollectionViewReorder.csproj", "{18683D4D-EA02-432E-826D-4D5C6DA4894E}"
EndProject
Global
	GlobalSection(SolutionConfigurationPlatforms) = preSolution
		Debug|Any CPU = Debug|Any CPU
		Release|Any CPU = Release|Any CPU
	EndGlobalSection
	GlobalSection(ProjectConfigurationPlatforms) = postSolution
		{18683D4D-EA02-432E-826D-4D5C6DA4894E}.Debug|Any CPU.ActiveCfg = Debug|Any CPU
		{18683D4D-EA02-432E-826D-4D5C6DA4894E}.Debug|Any CPU.Build.0 = Debug|Any CPU
		{18683D4D-EA02-432E-826D-4D5C6DA4894E}.Debug|Any CPU.Deploy.0 = Debug|Any CPU
		{18683D4D-EA02-432E-826D-4D5C6DA4894E}.Release|Any CPU.ActiveCfg = Release|Any CPU
		{18683D4D-EA02-432E-826D-4D5C6DA4894E}.Release|Any CPU.Build.0 = Release|Any CPU
		{18683D4D-EA02-432E-826D-4D5C6DA4894E}.Release|Any CPU.Deploy.0 = Release|Any CPU
	EndGlobalSection
	GlobalSection(SolutionProperties) = preSolution
		HideSolutionNode = FALSE
	EndGlobalSection
	GlobalSection(ExtensibilityGlobals) = postSolution
		SolutionGuid = {B1E3EE19-7CD5-431C-B1E2-96A91F3D3957}
	EndGlobalSection
EndGlobal
