
Microsoft Visual Studio Solution File, Format Version 12.00
# Visual Studio Version 17
VisualStudioVersion = 17.8.34511.84
MinimumVisualStudioVersion = 10.0.40219.1
Project("{FAE04EC0-301F-11D3-BF4B-00C04F79EFBC}") = "MauiAppXunitInvalidILCode", "MauiAppXunitInvalidILCode\MauiAppXunitInvalidILCode.csproj", "{CF24CC79-D76B-4361-9167-22FAC9D8E782}"
EndProject
Project("{FAE04EC0-301F-11D3-BF4B-00C04F79EFBC}") = "ClassLibraryTests", "ClassLibraryTests\ClassLibraryTests.csproj", "{68A165B3-2F6D-40B7-8B7A-36E9C3F375FC}"
EndProject
Global
	GlobalSection(SolutionConfigurationPlatforms) = preSolution
		Debug|Any CPU = Debug|Any CPU
		Release|Any CPU = Release|Any CPU
	EndGlobalSection
	GlobalSection(ProjectConfigurationPlatforms) = postSolution
		{CF24CC79-D76B-4361-9167-22FAC9D8E782}.Debug|Any CPU.ActiveCfg = Debug|Any CPU
		{CF24CC79-D76B-4361-9167-22FAC9D8E782}.Debug|Any CPU.Build.0 = Debug|Any CPU
		{CF24CC79-D76B-4361-9167-22FAC9D8E782}.Debug|Any CPU.Deploy.0 = Debug|Any CPU
		{CF24CC79-D76B-4361-9167-22FAC9D8E782}.Release|Any CPU.ActiveCfg = Release|Any CPU
		{CF24CC79-D76B-4361-9167-22FAC9D8E782}.Release|Any CPU.Build.0 = Release|Any CPU
		{CF24CC79-D76B-4361-9167-22FAC9D8E782}.Release|Any CPU.Deploy.0 = Release|Any CPU
		{68A165B3-2F6D-40B7-8B7A-36E9C3F375FC}.Debug|Any CPU.ActiveCfg = Debug|Any CPU
		{68A165B3-2F6D-40B7-8B7A-36E9C3F375FC}.Debug|Any CPU.Build.0 = Debug|Any CPU
		{68A165B3-2F6D-40B7-8B7A-36E9C3F375FC}.Release|Any CPU.ActiveCfg = Release|Any CPU
		{68A165B3-2F6D-40B7-8B7A-36E9C3F375FC}.Release|Any CPU.Build.0 = Release|Any CPU
	EndGlobalSection
	GlobalSection(SolutionProperties) = preSolution
		HideSolutionNode = FALSE
	EndGlobalSection
	GlobalSection(ExtensibilityGlobals) = postSolution
		SolutionGuid = {CE7BAA59-1FAB-4E6B-A6BB-DA4210B720D9}
	EndGlobalSection
EndGlobal
