
Microsoft Visual Studio Solution File, Format Version 12.00
# Visual Studio Version 17
VisualStudioVersion = 17.0.31611.283
MinimumVisualStudioVersion = 10.0.40219.1
Project("{9A19103F-16F7-4668-BE54-9A1E7A4F7556}") = "MauiAppBabel10MergeResources", "MauiAppBabel10MergeResources\MauiAppBabel10MergeResources.csproj", "{962FECE0-AFDB-4997-8AD9-7A3E1E70C003}"
EndProject
Project("{FAE04EC0-301F-11D3-BF4B-00C04F79EFBC}") = "ClassLibrary1", "ClassLibrary1\ClassLibrary1.csproj", "{4A62A218-9A86-4E61-A766-6E7B625D81B0}"
EndProject
Global
	GlobalSection(SolutionConfigurationPlatforms) = preSolution
		Debug|Any CPU = Debug|Any CPU
		Release|Any CPU = Release|Any CPU
	EndGlobalSection
	GlobalSection(ProjectConfigurationPlatforms) = postSolution
		{962FECE0-AFDB-4997-8AD9-7A3E1E70C003}.Debug|Any CPU.ActiveCfg = Debug|Any CPU
		{962FECE0-AFDB-4997-8AD9-7A3E1E70C003}.Debug|Any CPU.Build.0 = Debug|Any CPU
		{962FECE0-AFDB-4997-8AD9-7A3E1E70C003}.Debug|Any CPU.Deploy.0 = Debug|Any CPU
		{962FECE0-AFDB-4997-8AD9-7A3E1E70C003}.Release|Any CPU.ActiveCfg = Release|Any CPU
		{962FECE0-AFDB-4997-8AD9-7A3E1E70C003}.Release|Any CPU.Build.0 = Release|Any CPU
		{962FECE0-AFDB-4997-8AD9-7A3E1E70C003}.Release|Any CPU.Deploy.0 = Release|Any CPU
		{4A62A218-9A86-4E61-A766-6E7B625D81B0}.Debug|Any CPU.ActiveCfg = Debug|Any CPU
		{4A62A218-9A86-4E61-A766-6E7B625D81B0}.Debug|Any CPU.Build.0 = Debug|Any CPU
		{4A62A218-9A86-4E61-A766-6E7B625D81B0}.Release|Any CPU.ActiveCfg = Release|Any CPU
		{4A62A218-9A86-4E61-A766-6E7B625D81B0}.Release|Any CPU.Build.0 = Release|Any CPU
	EndGlobalSection
	GlobalSection(SolutionProperties) = preSolution
		HideSolutionNode = FALSE
	EndGlobalSection
	GlobalSection(ExtensibilityGlobals) = postSolution
		SolutionGuid = {61F7FB11-1E47-470C-91E2-47F8143E1572}
	EndGlobalSection
EndGlobal
