Microsoft Visual Studio Solution File, Format Version 12.00
# Visual Studio Version 17
VisualStudioVersion = 17.5.2.0
MinimumVisualStudioVersion = 10.0.40219.1
Project("{FAE04EC0-301F-11D3-BF4B-00C04F79EFBC}") = "MauiAppGC", "MauiAppGC.csproj", "{9643D2E1-D95E-16E6-04DD-451ADB80CD4D}"
EndProject
Global
	GlobalSection(SolutionConfigurationPlatforms) = preSolution
		Debug|Any CPU = Debug|Any CPU
		Release|Any CPU = Release|Any CPU
	EndGlobalSection
	GlobalSection(ProjectConfigurationPlatforms) = postSolution
		{9643D2E1-D95E-16E6-04DD-451ADB80CD4D}.Debug|Any CPU.ActiveCfg = Debug|Any CPU
		{9643D2E1-D95E-16E6-04DD-451ADB80CD4D}.Debug|Any CPU.Build.0 = Debug|Any CPU
		{9643D2E1-D95E-16E6-04DD-451ADB80CD4D}.Release|Any CPU.ActiveCfg = Release|Any CPU
		{9643D2E1-D95E-16E6-04DD-451ADB80CD4D}.Release|Any CPU.Build.0 = Release|Any CPU
	EndGlobalSection
	GlobalSection(SolutionProperties) = preSolution
		HideSolutionNode = FALSE
	EndGlobalSection
	GlobalSection(ExtensibilityGlobals) = postSolution
		SolutionGuid = {40683BDD-87CB-4B64-B068-78BE553980D2}
	EndGlobalSection
EndGlobal
